<?xml version="1.0" encoding="UTF-8"?>
<CONFIG>
  <ProjectOptions>
    <Version Value="12"/>
    <PathDelim Value="\"/>
    <General>
      <Flags>
        <CompatibilityMode Value="True"/>
      </Flags>
      <SessionStorage Value="InProjectDir"/>
      <AutoCreateForms Value="False"/>
      <Title Value="DataExpress"/>
      <Scaled Value="True"/>
      <ResourceType Value="res"/>
      <UseXPManifest Value="True"/>
      <XPManifest>
        <DpiAware Value="True"/>
        <TextName Value="DataExpress"/>
        <TextDesc Value="DataExpress"/>
      </XPManifest>
      <Icon Value="0"/>
    </General>
    <i18n>
      <EnableI18N Value="True" LFM="False"/>
      <OutDir Value="_test\languages\en"/>
    </i18n>
    <VersionInfo>
      <UseVersionInfo Value="True"/>
      <MajorVersionNr Value="25"/>
      <MinorVersionNr Value="1"/>
      <RevisionNr Value="8"/>
      <Language Value="0419"/>
      <StringTable CompanyName="Pavel Duborkin" FileDescription="DataExpress" LegalCopyright="Copyright © 2015-2024 Pavel Duborkin" OriginalFilename="dataexpress.exe" ProductName="DataExpress" ProductVersion="25.1.8"/>
    </VersionInfo>
    <BuildModes Count="4">
      <Item1 Name="Win32" Default="True"/>
      <Item2 Name="Win32 HeapTrc">
        <CompilerOptions>
          <Version Value="11"/>
          <PathDelim Value="\"/>
          <Target>
            <Filename Value="_test\dataexpress"/>
          </Target>
          <SearchPaths>
            <IncludeFiles Value="$(ProjOutDir)"/>
            <UnitOutputDirectory Value="lib\$(TargetCPU)-$(TargetOS)"/>
          </SearchPaths>
          <CodeGeneration>
            <TargetCPU Value="i386"/>
            <TargetOS Value="win32"/>
          </CodeGeneration>
          <Linking>
            <Debugging>
              <DebugInfoType Value="dsDwarf3"/>
              <UseHeaptrc Value="True"/>
              <StripSymbols Value="True"/>
              <UseExternalDbgSyms Value="True"/>
            </Debugging>
            <Options>
              <Win32>
                <GraphicApplication Value="True"/>
              </Win32>
            </Options>
          </Linking>
          <Other>
            <CustomOptions Value="-dHeapTrc"/>
            <ExecuteAfter>
              <Command Value="copy.bat"/>
            </ExecuteAfter>
          </Other>
        </CompilerOptions>
      </Item2>
      <Item3 Name="Linux64 QT">
        <MacroValues Count="1">
          <Macro1 Name="LCLWidgetType" Value="qt5"/>
        </MacroValues>
        <CompilerOptions>
          <Version Value="11"/>
          <PathDelim Value="\"/>
          <Target>
            <Filename Value="_test\dataexpress"/>
          </Target>
          <SearchPaths>
            <IncludeFiles Value="$(ProjOutDir)"/>
            <UnitOutputDirectory Value="lib\$(TargetCPU)-$(TargetOS)"/>
          </SearchPaths>
          <CodeGeneration>
            <TargetCPU Value="x86_64"/>
            <TargetOS Value="linux"/>
          </CodeGeneration>
          <Linking>
            <Debugging>
              <DebugInfoType Value="dsDwarf3"/>
              <UseExternalDbgSyms Value="True"/>
            </Debugging>
          </Linking>
          <Other>
            <ExecuteAfter>
              <Command Value="copy.bat"/>
            </ExecuteAfter>
          </Other>
        </CompilerOptions>
      </Item3>
      <Item4 Name="Win64">
        <CompilerOptions>
          <Version Value="11"/>
          <PathDelim Value="\"/>
          <Target>
            <Filename Value="_test64\dataexpress"/>
          </Target>
          <SearchPaths>
            <IncludeFiles Value="$(ProjOutDir)"/>
            <UnitOutputDirectory Value="lib\$(TargetCPU)-$(TargetOS)"/>
          </SearchPaths>
          <CodeGeneration>
            <TargetCPU Value="x86_64"/>
            <TargetOS Value="win64"/>
          </CodeGeneration>
          <Linking>
            <Debugging>
              <DebugInfoType Value="dsDwarf2"/>
              <UseExternalDbgSyms Value="True"/>
            </Debugging>
            <Options>
              <Win32>
                <GraphicApplication Value="True"/>
              </Win32>
            </Options>
          </Linking>
          <Other>
            <ExecuteAfter>
              <Command Value="copy.bat"/>
            </ExecuteAfter>
          </Other>
        </CompilerOptions>
      </Item4>
      <SharedMatrixOptions Count="1">
        <Item1 ID="456997182528" Modes="Linux64 QT" Type="IDEMacro" MacroName="LCLWidgetType" Value="qt5"/>
      </SharedMatrixOptions>
    </BuildModes>
    <PublishOptions>
      <Version Value="2"/>
      <UseFileFilters Value="True"/>
    </PublishOptions>
    <RunParams>
      <FormatVersion Value="2"/>
    </RunParams>
    <RequiredPackages Count="16">
      <Item1>
        <PackageName Value="LazControls"/>
      </Item1>
      <Item2>
        <PackageName Value="LazControlDsgn"/>
      </Item2>
      <Item3>
        <PackageName Value="dcpcrypt"/>
      </Item3>
      <Item4>
        <PackageName Value="laz.virtualtreeview_package"/>
      </Item4>
      <Item5>
        <PackageName Value="PascalScriptFCL"/>
      </Item5>
      <Item6>
        <PackageName Value="SynEdit"/>
      </Item6>
      <Item7>
        <PackageName Value="dxcomponents"/>
      </Item7>
      <Item8>
        <PackageName Value="TAChartLazarusPkg"/>
      </Item8>
      <Item9>
        <PackageName Value="tachartbgra"/>
      </Item9>
      <Item10>
        <PackageName Value="SynEditDsgn"/>
      </Item10>
      <Item11>
        <PackageName Value="jvRuntimeDesign"/>
      </Item11>
      <Item12>
        <PackageName Value="TurboPowerIProDsgn"/>
      </Item12>
      <Item13>
        <PackageName Value="KControlsLaz"/>
      </Item13>
      <Item14>
        <PackageName Value="DataControlsEx"/>
      </Item14>
      <Item15>
        <PackageName Value="BGRABitmapPack"/>
      </Item15>
      <Item16>
        <PackageName Value="LCL"/>
      </Item16>
    </RequiredPackages>
    <Units Count="205">
      <Unit0>
        <Filename Value="DataExpress.lpr"/>
        <IsPartOfProject Value="True"/>
      </Unit0>
      <Unit1>
        <Filename Value="aboutform.pas"/>
        <IsPartOfProject Value="True"/>
        <ComponentName Value="AboutFm"/>
        <HasResources Value="True"/>
        <ResourceBaseClass Value="Form"/>
        <UnitName Value="AboutForm"/>
      </Unit1>
      <Unit2>
        <Filename Value="actioncontrols.pas"/>
        <IsPartOfProject Value="True"/>
        <UnitName Value="ActionControls"/>
      </Unit2>
      <Unit3>
        <Filename Value="actionexpressions.pas"/>
        <IsPartOfProject Value="True"/>
        <UnitName Value="ActionExpressions"/>
      </Unit3>
      <Unit4>
        <Filename Value="actionpans.pas"/>
        <IsPartOfProject Value="True"/>
        <UnitName Value="ActionPans"/>
      </Unit4>
      <Unit5>
        <Filename Value="actionseditform.pas"/>
        <IsPartOfProject Value="True"/>
        <ComponentName Value="ActionsEditFm"/>
        <HasResources Value="True"/>
        <ResourceBaseClass Value="Form"/>
        <UnitName Value="ActionsEditForm"/>
      </Unit5>
      <Unit6>
        <Filename Value="addfieldsform.pas"/>
        <IsPartOfProject Value="True"/>
        <ComponentName Value="AddFieldsFm"/>
        <HasResources Value="True"/>
        <ResourceBaseClass Value="Form"/>
        <UnitName Value="AddFieldsForm"/>
      </Unit6>
      <Unit7>
        <Filename Value="anchorsform.pas"/>
        <IsPartOfProject Value="True"/>
        <ComponentName Value="AnchorsFm"/>
        <HasResources Value="True"/>
        <ResourceBaseClass Value="Form"/>
        <UnitName Value="AnchorsForm"/>
      </Unit7>
      <Unit8>
        <Filename Value="appimagelists.pas"/>
        <IsPartOfProject Value="True"/>
        <UnitName Value="AppImageLists"/>
      </Unit8>
      <Unit9>
        <Filename Value="appsettings.pas"/>
        <IsPartOfProject Value="True"/>
        <UnitName Value="AppSettings"/>
      </Unit9>
      <Unit10>
        <Filename Value="apputils.pas"/>
        <IsPartOfProject Value="True"/>
        <UnitName Value="AppUtils"/>
      </Unit10>
      <Unit11>
        <Filename Value="breakpointsform.pas"/>
        <IsPartOfProject Value="True"/>
        <ComponentName Value="BreakpointsFm"/>
        <HasResources Value="True"/>
        <ResourceBaseClass Value="Form"/>
        <UnitName Value="BreakpointsForm"/>
      </Unit11>
      <Unit12>
        <Filename Value="calcerrsform.pas"/>
        <IsPartOfProject Value="True"/>
        <ComponentName Value="CalcErrsFm"/>
        <HasResources Value="True"/>
        <ResourceBaseClass Value="Form"/>
        <UnitName Value="CalcErrsForm"/>
      </Unit12>
      <Unit13>
        <Filename Value="calcfieldsform.pas"/>
        <IsPartOfProject Value="True"/>
        <ComponentName Value="CalcFieldsFm"/>
        <HasResources Value="True"/>
        <ResourceBaseClass Value="Form"/>
        <UnitName Value="CalcFieldsForm"/>
      </Unit13>
      <Unit14>
        <Filename Value="chartform.pas"/>
        <IsPartOfProject Value="True"/>
        <ComponentName Value="ChartFm"/>
        <HasResources Value="True"/>
        <ResourceBaseClass Value="Form"/>
        <UnitName Value="ChartForm"/>
      </Unit14>
      <Unit15>
        <Filename Value="checkprintoutform.pas"/>
        <IsPartOfProject Value="True"/>
        <ComponentName Value="CheckPrintOutFm"/>
        <HasResources Value="True"/>
        <ResourceBaseClass Value="Form"/>
        <UnitName Value="CheckPrintOutForm"/>
      </Unit15>
      <Unit16>
        <Filename Value="checktreeview.pas"/>
        <IsPartOfProject Value="True"/>
        <UnitName Value="CheckTreeView"/>
      </Unit16>
      <Unit17>
        <Filename Value="classestree.pas"/>
        <IsPartOfProject Value="True"/>
        <UnitName Value="ClassesTree"/>
      </Unit17>
      <Unit18>
        <Filename Value="colorform.pas"/>
        <IsPartOfProject Value="True"/>
        <ComponentName Value="ColorFm"/>
        <HasResources Value="True"/>
        <ResourceBaseClass Value="Form"/>
        <UnitName Value="ColorForm"/>
      </Unit18>
      <Unit19>
        <Filename Value="coloringform.pas"/>
        <IsPartOfProject Value="True"/>
        <ComponentName Value="ColoringFm"/>
        <HasResources Value="True"/>
        <ResourceBaseClass Value="Form"/>
        <UnitName Value="ColoringForm"/>
      </Unit19>
      <Unit20>
        <Filename Value="compilerdecls.pas"/>
        <IsPartOfProject Value="True"/>
        <UnitName Value="CompilerDecls"/>
      </Unit20>
      <Unit21>
        <Filename Value="componenttree.pas"/>
        <IsPartOfProject Value="True"/>
        <UnitName Value="ComponentTree"/>
      </Unit21>
      <Unit22>
        <Filename Value="connectinfoform.pas"/>
        <IsPartOfProject Value="True"/>
        <ComponentName Value="ConnectInfoFm"/>
        <HasResources Value="True"/>
        <ResourceBaseClass Value="Form"/>
        <UnitName Value="ConnectInfoForm"/>
      </Unit22>
      <Unit23>
        <Filename Value="connectionsform.pas"/>
        <IsPartOfProject Value="True"/>
        <ComponentName Value="ConnectsFm"/>
        <HasResources Value="True"/>
        <ResourceBaseClass Value="Form"/>
        <UnitName Value="ConnectionsForm"/>
      </Unit23>
      <Unit24>
        <Filename Value="counterform.pas"/>
        <IsPartOfProject Value="True"/>
        <ComponentName Value="CounterFm"/>
        <HasResources Value="True"/>
        <ResourceBaseClass Value="Form"/>
        <UnitName Value="CounterForm"/>
      </Unit24>
      <Unit25>
        <Filename Value="crossapi.pas"/>
        <IsPartOfProject Value="True"/>
        <UnitName Value="CrossApi"/>
      </Unit25>
      <Unit26>
        <Filename Value="crypt.pas"/>
        <IsPartOfProject Value="True"/>
      </Unit26>
      <Unit27>
        <Filename Value="csvfiles.pas"/>
        <IsPartOfProject Value="True"/>
        <UnitName Value="CSVFiles"/>
      </Unit27>
      <Unit28>
        <Filename Value="ctrlrightsform.pas"/>
        <IsPartOfProject Value="True"/>
        <ComponentName Value="CtrlRightsFm"/>
        <HasResources Value="True"/>
        <ResourceBaseClass Value="Form"/>
        <UnitName Value="CtrlRightsForm"/>
      </Unit28>
      <Unit29>
        <Filename Value="datasetprocessor.pas"/>
        <IsPartOfProject Value="True"/>
        <UnitName Value="DatasetProcessor"/>
      </Unit29>
      <Unit30>
        <Filename Value="dbengine.pas"/>
        <IsPartOfProject Value="True"/>
        <UnitName Value="DbEngine"/>
      </Unit30>
      <Unit31>
        <Filename Value="dbfuncform.pas"/>
        <IsPartOfProject Value="True"/>
        <ComponentName Value="DBFuncFm"/>
        <HasResources Value="True"/>
        <ResourceBaseClass Value="Form"/>
        <UnitName Value="DBFuncForm"/>
      </Unit31>
      <Unit32>
        <Filename Value="debugscriptform.pas"/>
        <IsPartOfProject Value="True"/>
        <ComponentName Value="DebugScriptFm"/>
        <HasResources Value="True"/>
        <ResourceBaseClass Value="Form"/>
        <UnitName Value="DebugScriptForm"/>
      </Unit32>
      <Unit33>
        <Filename Value="designerframe.pas"/>
        <IsPartOfProject Value="True"/>
        <ComponentName Value="DesignFr"/>
        <HasResources Value="True"/>
        <ResourceBaseClass Value="Frame"/>
        <UnitName Value="DesignerFrame"/>
      </Unit33>
      <Unit34>
        <Filename Value="dsproclists.pas"/>
        <IsPartOfProject Value="True"/>
        <UnitName Value="DSProcLists"/>
      </Unit34>
      <Unit35>
        <Filename Value="dxactions.pas"/>
        <IsPartOfProject Value="True"/>
        <UnitName Value="DxActions"/>
      </Unit35>
      <Unit36>
        <Filename Value="dxcharts.pas"/>
        <IsPartOfProject Value="True"/>
        <UnitName Value="DXCharts"/>
      </Unit36>
      <Unit37>
        <Filename Value="dxctrls.pas"/>
        <IsPartOfProject Value="True"/>
        <UnitName Value="DxCtrls"/>
      </Unit37>
      <Unit38>
        <Filename Value="dxfiles.pas"/>
        <IsPartOfProject Value="True"/>
        <UnitName Value="dxFiles"/>
      </Unit38>
      <Unit39>
        <Filename Value="dximages.pas"/>
        <IsPartOfProject Value="True"/>
        <UnitName Value="dxImages"/>
      </Unit39>
      <Unit40>
        <Filename Value="dxmains.pas"/>
        <IsPartOfProject Value="True"/>
        <UnitName Value="DXMains"/>
      </Unit40>
      <Unit41>
        <Filename Value="dxreports.pas"/>
        <IsPartOfProject Value="True"/>
        <UnitName Value="DXReports"/>
      </Unit41>
      <Unit42>
        <Filename Value="dxsqlquery.pas"/>
        <IsPartOfProject Value="True"/>
        <UnitName Value="DxSQLQuery"/>
      </Unit42>
      <Unit43>
        <Filename Value="dxusers.pas"/>
        <IsPartOfProject Value="True"/>
        <UnitName Value="DXUsers"/>
      </Unit43>
      <Unit44>
        <Filename Value="editform.pas"/>
        <IsPartOfProject Value="True"/>
        <UnitName Value="EditForm"/>
      </Unit44>
      <Unit45>
        <Filename Value="editmaskform.pas"/>
        <IsPartOfProject Value="True"/>
        <ComponentName Value="EditMaskFm"/>
        <HasResources Value="True"/>
        <ResourceBaseClass Value="Form"/>
        <UnitName Value="EditMaskForm"/>
      </Unit45>
      <Unit46>
        <Filename Value="erroricon.pas"/>
        <IsPartOfProject Value="True"/>
        <UnitName Value="ErrorIcon"/>
      </Unit46>
      <Unit47>
        <Filename Value="errorsform.pas"/>
        <IsPartOfProject Value="True"/>
        <ComponentName Value="ErrorsFm"/>
        <HasResources Value="True"/>
        <ResourceBaseClass Value="Form"/>
        <UnitName Value="ErrorsForm"/>
      </Unit47>
      <Unit48>
        <Filename Value="exportform.pas"/>
        <IsPartOfProject Value="True"/>
        <ComponentName Value="ExportFm"/>
        <HasResources Value="True"/>
        <ResourceBaseClass Value="Form"/>
        <UnitName Value="ExportForm"/>
      </Unit48>
      <Unit49>
        <Filename Value="expressions.pas"/>
        <IsPartOfProject Value="True"/>
        <UnitName Value="Expressions"/>
      </Unit49>
      <Unit50>
        <Filename Value="exprform.pas"/>
        <IsPartOfProject Value="True"/>
        <ComponentName Value="ExprFm"/>
        <HasResources Value="True"/>
        <ResourceBaseClass Value="Form"/>
        <UnitName Value="ExprForm"/>
      </Unit50>
      <Unit51>
        <Filename Value="exprfuncs.pas"/>
        <IsPartOfProject Value="True"/>
        <UnitName Value="ExprFuncs"/>
      </Unit51>
      <Unit52>
        <Filename Value="exprhighlighter.pas"/>
        <IsPartOfProject Value="True"/>
        <UnitName Value="ExprHighlighter"/>
      </Unit52>
      <Unit53>
        <Filename Value="exttemplateform.pas"/>
        <IsPartOfProject Value="True"/>
        <ComponentName Value="ExtTemplateFm"/>
        <HasResources Value="True"/>
        <ResourceBaseClass Value="Form"/>
        <UnitName Value="ExtTemplateForm"/>
      </Unit53>
      <Unit54>
        <Filename Value="filltableform.pas"/>
        <IsPartOfProject Value="True"/>
        <ComponentName Value="FillTableFm"/>
        <HasResources Value="True"/>
        <ResourceBaseClass Value="Form"/>
        <UnitName Value="FillTableForm"/>
      </Unit54>
      <Unit55>
        <Filename Value="filtercontrol.pas"/>
        <IsPartOfProject Value="True"/>
        <UnitName Value="FilterControl"/>
      </Unit55>
      <Unit56>
        <Filename Value="filterform.pas"/>
        <IsPartOfProject Value="True"/>
        <ComponentName Value="FilterFm"/>
        <HasResources Value="True"/>
        <ResourceBaseClass Value="Form"/>
        <UnitName Value="FilterForm"/>
      </Unit56>
      <Unit57>
        <Filename Value="findactionsform.pas"/>
        <IsPartOfProject Value="True"/>
        <ComponentName Value="FindActionsFm"/>
        <HasResources Value="True"/>
        <ResourceBaseClass Value="Form"/>
        <UnitName Value="FindActionsForm"/>
      </Unit57>
      <Unit58>
        <Filename Value="findexprform.pas"/>
        <IsPartOfProject Value="True"/>
        <ComponentName Value="FindExprFm"/>
        <HasResources Value="True"/>
        <ResourceBaseClass Value="Form"/>
        <UnitName Value="FindExprForm"/>
      </Unit58>
      <Unit59>
        <Filename Value="findform.pas"/>
        <IsPartOfProject Value="True"/>
        <ComponentName Value="FindFrm"/>
        <HasResources Value="True"/>
        <ResourceBaseClass Value="Form"/>
        <UnitName Value="FindForm"/>
      </Unit59>
      <Unit60>
        <Filename Value="findscriptform.pas"/>
        <IsPartOfProject Value="True"/>
        <ComponentName Value="FindScriptFm"/>
        <HasResources Value="True"/>
        <ResourceBaseClass Value="Form"/>
        <UnitName Value="FindScriptForm"/>
      </Unit60>
      <Unit61>
        <Filename Value="fixedlistform.pas"/>
        <IsPartOfProject Value="True"/>
        <ComponentName Value="FixedListFm"/>
        <HasResources Value="True"/>
        <ResourceBaseClass Value="Form"/>
        <UnitName Value="FixedListForm"/>
      </Unit61>
      <Unit62>
        <Filename Value="fontform.pas"/>
        <IsPartOfProject Value="True"/>
        <ComponentName Value="FontFm"/>
        <HasResources Value="True"/>
        <ResourceBaseClass Value="Form"/>
        <UnitName Value="FontForm"/>
      </Unit62>
      <Unit63>
        <Filename Value="formdesigner.pas"/>
        <IsPartOfProject Value="True"/>
        <UnitName Value="FormDesigner"/>
      </Unit63>
      <Unit64>
        <Filename Value="formfieldvalueform.pas"/>
        <IsPartOfProject Value="True"/>
        <ComponentName Value="FormFieldValueFm"/>
        <HasResources Value="True"/>
        <ResourceBaseClass Value="Form"/>
        <UnitName Value="FormFieldValueForm"/>
      </Unit64>
      <Unit65>
        <Filename Value="formfiltersform.pas"/>
        <IsPartOfProject Value="True"/>
        <ComponentName Value="FormFiltersFm"/>
        <HasResources Value="True"/>
        <ResourceBaseClass Value="Form"/>
        <UnitName Value="FormFiltersForm"/>
      </Unit65>
      <Unit66>
        <Filename Value="formmanager.pas"/>
        <IsPartOfProject Value="True"/>
        <UnitName Value="FormManager"/>
      </Unit66>
      <Unit67>
        <Filename Value="formresizer.pas"/>
        <IsPartOfProject Value="True"/>
        <UnitName Value="FormResizer"/>
      </Unit67>
      <Unit68>
        <Filename Value="formstree.pas"/>
        <IsPartOfProject Value="True"/>
        <UnitName Value="FormsTree"/>
      </Unit68>
      <Unit69>
        <Filename Value="formview.pas"/>
        <IsPartOfProject Value="True"/>
        <UnitName Value="FormView"/>
      </Unit69>
      <Unit70>
        <Filename Value="funcsform.pas"/>
        <IsPartOfProject Value="True"/>
        <ComponentName Value="FuncsFm"/>
        <HasResources Value="True"/>
        <ResourceBaseClass Value="Form"/>
        <UnitName Value="FuncsForm"/>
      </Unit70>
      <Unit71>
        <Filename Value="gridbuttonsform.pas"/>
        <IsPartOfProject Value="True"/>
        <ComponentName Value="GridButtonsFm"/>
        <HasResources Value="True"/>
        <ResourceBaseClass Value="Form"/>
        <UnitName Value="GridButtonsForm"/>
      </Unit71>
      <Unit72>
        <Filename Value="gridcolsform.pas"/>
        <IsPartOfProject Value="True"/>
        <ComponentName Value="GridColsFm"/>
        <HasResources Value="True"/>
        <ResourceBaseClass Value="Form"/>
        <UnitName Value="GridColsForm"/>
      </Unit72>
      <Unit73>
        <Filename Value="gtkthememanager.pas"/>
        <IsPartOfProject Value="True"/>
        <UnitName Value="GtkThemeManager"/>
      </Unit73>
      <Unit74>
        <Filename Value="helpmanager.pas"/>
        <IsPartOfProject Value="True"/>
        <UnitName Value="HelpManager"/>
      </Unit74>
      <Unit75>
        <Filename Value="helptextform.pas"/>
        <IsPartOfProject Value="True"/>
        <ComponentName Value="HelpTextFm"/>
        <HasResources Value="True"/>
        <ResourceBaseClass Value="Form"/>
        <UnitName Value="HelpTextForm"/>
      </Unit75>
      <Unit76>
        <Filename Value="helpviewform.pas"/>
        <IsPartOfProject Value="True"/>
        <ComponentName Value="HelpViewFm"/>
        <HasResources Value="True"/>
        <ResourceBaseClass Value="Form"/>
        <UnitName Value="HelpViewForm"/>
      </Unit76>
      <Unit77>
        <Filename Value="hierarchyform.pas"/>
        <IsPartOfProject Value="True"/>
        <ComponentName Value="HierarchyFm"/>
        <HasResources Value="True"/>
        <ResourceBaseClass Value="Form"/>
        <UnitName Value="HierarchyForm"/>
      </Unit77>
      <Unit78>
        <Filename Value="hintform.pas"/>
        <IsPartOfProject Value="True"/>
        <ComponentName Value="HintFm"/>
        <HasResources Value="True"/>
        <ResourceBaseClass Value="Form"/>
        <UnitName Value="HintForm"/>
      </Unit78>
      <Unit79>
        <Filename Value="httpclient.pas"/>
        <IsPartOfProject Value="True"/>
        <UnitName Value="HttpClient"/>
      </Unit79>
      <Unit80>
        <Filename Value="imagemanager.pas"/>
        <IsPartOfProject Value="True"/>
        <UnitName Value="ImageManager"/>
      </Unit80>
      <Unit81>
        <Filename Value="imageprocessprintform.pas"/>
        <IsPartOfProject Value="True"/>
        <ComponentName Value="ImgProcessPrintFm"/>
        <HasResources Value="True"/>
        <ResourceBaseClass Value="Form"/>
        <UnitName Value="ImageProcessPrintForm"/>
      </Unit81>
      <Unit82>
        <Filename Value="imagepropsform.pas"/>
        <IsPartOfProject Value="True"/>
        <ComponentName Value="ImagePropsFm"/>
        <HasResources Value="True"/>
        <ResourceBaseClass Value="Form"/>
      </Unit82>
      <Unit83>
        <Filename Value="imagesform.pas"/>
        <IsPartOfProject Value="True"/>
        <ComponentName Value="ImagesFm"/>
        <HasResources Value="True"/>
        <ResourceBaseClass Value="Form"/>
        <UnitName Value="ImagesForm"/>
      </Unit83>
      <Unit84>
        <Filename Value="importerrorsform.pas"/>
        <IsPartOfProject Value="True"/>
        <ComponentName Value="ImportErrorsFm"/>
        <HasResources Value="True"/>
        <ResourceBaseClass Value="Form"/>
        <UnitName Value="ImportErrorsForm"/>
      </Unit84>
      <Unit85>
        <Filename Value="importform.pas"/>
        <IsPartOfProject Value="True"/>
        <ComponentName Value="ImportFm"/>
        <HasResources Value="True"/>
        <ResourceBaseClass Value="Form"/>
        <UnitName Value="ImportForm"/>
      </Unit85>
      <Unit86>
        <Filename Value="inputform.pas"/>
        <IsPartOfProject Value="True"/>
        <ComponentName Value="InputFm"/>
        <HasResources Value="True"/>
        <ResourceBaseClass Value="Form"/>
        <UnitName Value="InputForm"/>
      </Unit86>
      <Unit87>
        <Filename Value="insertvaluesform.pas"/>
        <IsPartOfProject Value="True"/>
        <ComponentName Value="InsertValuesFm"/>
        <HasResources Value="True"/>
        <ResourceBaseClass Value="Form"/>
        <UnitName Value="InsertValuesForm"/>
      </Unit87>
      <Unit88>
        <Filename Value="intfform.pas"/>
        <IsPartOfProject Value="True"/>
        <ComponentName Value="IntfFm"/>
        <HasResources Value="True"/>
        <ResourceBaseClass Value="Form"/>
        <UnitName Value="IntfForm"/>
      </Unit88>
      <Unit89>
        <Filename Value="labeltextform.pas"/>
        <IsPartOfProject Value="True"/>
        <ComponentName Value="LabelTextFm"/>
        <HasResources Value="True"/>
        <ResourceBaseClass Value="Form"/>
        <UnitName Value="LabelTextForm"/>
      </Unit89>
      <Unit90>
        <Filename Value="langmanager.pas"/>
        <IsPartOfProject Value="True"/>
        <UnitName Value="LangManager"/>
      </Unit90>
      <Unit91>
        <Filename Value="lcbxlistsourceform.pas"/>
        <IsPartOfProject Value="True"/>
        <ComponentName Value="LCbxListSourceFm"/>
        <HasResources Value="True"/>
        <ResourceBaseClass Value="Form"/>
        <UnitName Value="LCbxListSourceForm"/>
      </Unit91>
      <Unit92>
        <Filename Value="licenseform.pas"/>
        <IsPartOfProject Value="True"/>
        <ComponentName Value="LicenseFm"/>
        <HasResources Value="True"/>
        <ResourceBaseClass Value="Form"/>
        <UnitName Value="LicenseForm"/>
      </Unit92>
      <Unit93>
        <Filename Value="listform.pas"/>
        <IsPartOfProject Value="True"/>
        <UnitName Value="ListForm"/>
      </Unit93>
      <Unit94>
        <Filename Value="lists.pas"/>
        <IsPartOfProject Value="True"/>
        <UnitName Value="Lists"/>
      </Unit94>
      <Unit95>
        <Filename Value="listsourceform.pas"/>
        <IsPartOfProject Value="True"/>
        <ComponentName Value="ListSourceFrm"/>
        <HasResources Value="True"/>
        <ResourceBaseClass Value="Form"/>
        <UnitName Value="ListSourceForm"/>
      </Unit95>
      <Unit96>
        <Filename Value="loginform.pas"/>
        <IsPartOfProject Value="True"/>
        <ComponentName Value="LoginFm"/>
        <HasResources Value="True"/>
        <ResourceBaseClass Value="Form"/>
        <UnitName Value="LoginForm"/>
      </Unit96>
      <Unit97>
        <Filename Value="mainform.pas"/>
        <IsPartOfProject Value="True"/>
        <ComponentName Value="MainFm"/>
        <HasResources Value="True"/>
        <ResourceBaseClass Value="Form"/>
        <UnitName Value="MainForm"/>
      </Unit97>
      <Unit98>
        <Filename Value="mainframe.pas"/>
        <IsPartOfProject Value="True"/>
        <ComponentName Value="MainFr"/>
        <HasResources Value="True"/>
        <ResourceBaseClass Value="Frame"/>
        <UnitName Value="MainFrame"/>
      </Unit98>
      <Unit99>
        <Filename Value="memosourceform.pas"/>
        <IsPartOfProject Value="True"/>
        <ComponentName Value="MemoSourceFm"/>
        <HasResources Value="True"/>
        <ResourceBaseClass Value="Form"/>
        <UnitName Value="MemoSourceForm"/>
      </Unit99>
      <Unit100>
        <Filename Value="mergeprojectsform.pas"/>
        <IsPartOfProject Value="True"/>
        <ComponentName Value="MergeProjectsFm"/>
        <HasResources Value="True"/>
        <ResourceBaseClass Value="Form"/>
        <UnitName Value="MergeProjectsForm"/>
      </Unit100>
      <Unit101>
        <Filename Value="modulesform.pas"/>
        <IsPartOfProject Value="True"/>
        <ComponentName Value="ModulesFm"/>
        <HasResources Value="True"/>
        <ResourceBaseClass Value="Form"/>
        <UnitName Value="ModulesForm"/>
      </Unit101>
      <Unit102>
        <Filename Value="monitorform.pas"/>
        <IsPartOfProject Value="True"/>
        <ComponentName Value="MonitorFm"/>
        <HasResources Value="True"/>
        <ResourceBaseClass Value="Form"/>
        <UnitName Value="MonitorForm"/>
      </Unit102>
      <Unit103>
        <Filename Value="multictrlrightsform.pas"/>
        <IsPartOfProject Value="True"/>
        <ComponentName Value="MultiCtrlRightsFm"/>
        <HasResources Value="True"/>
        <ResourceBaseClass Value="Form"/>
        <UnitName Value="MultiCtrlRightsForm"/>
      </Unit103>
      <Unit104>
        <Filename Value="multirolesform.pas"/>
        <IsPartOfProject Value="True"/>
        <ComponentName Value="MultiRolesFm"/>
        <HasResources Value="True"/>
        <ResourceBaseClass Value="Form"/>
        <UnitName Value="MultiRolesForm"/>
      </Unit104>
      <Unit105>
        <Filename Value="myclasses.pas"/>
        <IsPartOfProject Value="True"/>
        <UnitName Value="MyClasses"/>
      </Unit105>
      <Unit106>
        <Filename Value="myctrls.pas"/>
        <IsPartOfProject Value="True"/>
        <UnitName Value="MyCtrls"/>
      </Unit106>
      <Unit107>
        <Filename Value="mydialogs.pas"/>
        <IsPartOfProject Value="True"/>
        <UnitName Value="MyDialogs"/>
      </Unit107>
      <Unit108>
        <Filename Value="myfpsqlparser.pas"/>
        <IsPartOfProject Value="True"/>
      </Unit108>
      <Unit109>
        <Filename Value="mytypes.pas"/>
        <IsPartOfProject Value="True"/>
        <UnitName Value="MyTypes"/>
      </Unit109>
      <Unit110>
        <Filename Value="newgridform.pas"/>
        <IsPartOfProject Value="True"/>
        <ComponentName Value="GrdFm"/>
        <HasResources Value="True"/>
        <ResourceBaseClass Value="Form"/>
        <UnitName Value="NewGridForm"/>
      </Unit110>
      <Unit111>
        <Filename Value="newroleform.pas"/>
        <IsPartOfProject Value="True"/>
        <ComponentName Value="NewRoleFm"/>
        <HasResources Value="True"/>
        <ResourceBaseClass Value="Form"/>
        <UnitName Value="NewRoleForm"/>
      </Unit111>
      <Unit112>
        <Filename Value="objectfieldsform.pas"/>
        <IsPartOfProject Value="True"/>
        <ComponentName Value="ObjFieldsFm"/>
        <HasResources Value="True"/>
        <ResourceBaseClass Value="Form"/>
        <UnitName Value="ObjectFieldsForm"/>
      </Unit112>
      <Unit113>
        <Filename Value="outputform.pas"/>
        <IsPartOfProject Value="True"/>
        <ComponentName Value="OutputFm"/>
        <HasResources Value="True"/>
        <ResourceBaseClass Value="Form"/>
        <UnitName Value="OutputForm"/>
      </Unit113>
      <Unit114>
        <Filename Value="padeg.pas"/>
        <IsPartOfProject Value="True"/>
      </Unit114>
      <Unit115>
        <Filename Value="pivotfieldform.pas"/>
        <IsPartOfProject Value="True"/>
        <ComponentName Value="PivotFieldFm"/>
        <HasResources Value="True"/>
        <ResourceBaseClass Value="Form"/>
        <UnitName Value="PivotFieldForm"/>
      </Unit115>
      <Unit116>
        <Filename Value="pivotgrid.pas"/>
        <IsPartOfProject Value="True"/>
        <UnitName Value="PivotGrid"/>
      </Unit116>
      <Unit117>
        <Filename Value="pivotgridform.pas"/>
        <IsPartOfProject Value="True"/>
        <ComponentName Value="PivotGridFm"/>
        <HasResources Value="True"/>
        <ResourceBaseClass Value="Form"/>
        <UnitName Value="PivotGridForm"/>
      </Unit117>
      <Unit118>
        <Filename Value="precisionform.pas"/>
        <IsPartOfProject Value="True"/>
        <ComponentName Value="PrecFm"/>
        <HasResources Value="True"/>
        <ResourceBaseClass Value="Form"/>
        <UnitName Value="PrecisionForm"/>
      </Unit118>
      <Unit119>
        <Filename Value="printchartform.pas"/>
        <IsPartOfProject Value="True"/>
        <ComponentName Value="PrintChartFm"/>
        <HasResources Value="True"/>
        <ResourceBaseClass Value="Form"/>
        <UnitName Value="PrintChartForm"/>
      </Unit119>
      <Unit120>
        <Filename Value="processform.pas"/>
        <IsPartOfProject Value="True"/>
        <ComponentName Value="ProcessFm"/>
        <HasResources Value="True"/>
        <ResourceBaseClass Value="Form"/>
        <UnitName Value="ProcessForm"/>
      </Unit120>
      <Unit121>
        <Filename Value="processminiform.pas"/>
        <IsPartOfProject Value="True"/>
        <ComponentName Value="ProcessMiniFm"/>
        <HasResources Value="True"/>
        <ResourceBaseClass Value="Form"/>
        <UnitName Value="ProcessMiniForm"/>
      </Unit121>
      <Unit122>
        <Filename Value="progressform.pas"/>
        <IsPartOfProject Value="True"/>
        <ComponentName Value="ProgressFm"/>
        <HasResources Value="True"/>
        <ResourceBaseClass Value="Form"/>
        <UnitName Value="ProgressForm"/>
      </Unit122>
      <Unit123>
        <Filename Value="propdialogs.pas"/>
        <IsPartOfProject Value="True"/>
        <UnitName Value="PropDialogs"/>
      </Unit123>
      <Unit124>
        <Filename Value="propgrids.pas"/>
        <IsPartOfProject Value="True"/>
        <UnitName Value="PropGrids"/>
      </Unit124>
      <Unit125>
        <Filename Value="propsform.pas"/>
        <IsPartOfProject Value="True"/>
        <UnitName Value="PropsForm"/>
      </Unit125>
      <Unit126>
        <Filename Value="propsmenus.pas"/>
        <IsPartOfProject Value="True"/>
        <UnitName Value="PropsMenus"/>
      </Unit126>
      <Unit127>
        <Filename Value="querycalcform.pas"/>
        <IsPartOfProject Value="True"/>
        <ComponentName Value="CalcFm"/>
        <HasResources Value="True"/>
        <ResourceBaseClass Value="Form"/>
        <UnitName Value="QueryCalcForm"/>
      </Unit127>
      <Unit128>
        <Filename Value="querycoloringform.pas"/>
        <IsPartOfProject Value="True"/>
        <ComponentName Value="QueryColoringFm"/>
        <HasResources Value="True"/>
        <ResourceBaseClass Value="Form"/>
        <UnitName Value="QueryColoringForm"/>
      </Unit128>
      <Unit129>
        <Filename Value="queryfieldvalueform.pas"/>
        <IsPartOfProject Value="True"/>
        <ComponentName Value="QueryFieldValueFm"/>
        <HasResources Value="True"/>
        <ResourceBaseClass Value="Form"/>
        <UnitName Value="QueryFieldValueForm"/>
      </Unit129>
      <Unit130>
        <Filename Value="quicksearchform.pas"/>
        <IsPartOfProject Value="True"/>
        <ComponentName Value="QuickSearchFrm"/>
        <HasResources Value="True"/>
        <ResourceBaseClass Value="Form"/>
        <UnitName Value="QuickSearchForm"/>
      </Unit130>
      <Unit131>
        <Filename Value="rangeform.pas"/>
        <IsPartOfProject Value="True"/>
        <ComponentName Value="RangeFm"/>
        <HasResources Value="True"/>
        <ResourceBaseClass Value="Form"/>
        <UnitName Value="RangeForm"/>
      </Unit131>
      <Unit132>
        <Filename Value="recalcform.pas"/>
        <IsPartOfProject Value="True"/>
        <ComponentName Value="RecalcFm"/>
        <HasResources Value="True"/>
        <ResourceBaseClass Value="Form"/>
        <UnitName Value="RecalcForm"/>
      </Unit132>
      <Unit133>
        <Filename Value="reportexportform.pas"/>
        <IsPartOfProject Value="True"/>
        <ComponentName Value="ReportExportFm"/>
        <HasResources Value="True"/>
        <ResourceBaseClass Value="Form"/>
        <UnitName Value="ReportExportForm"/>
      </Unit133>
      <Unit134>
        <Filename Value="reportform.pas"/>
        <IsPartOfProject Value="True"/>
        <ComponentName Value="ReportFm"/>
        <HasResources Value="True"/>
        <ResourceBaseClass Value="Form"/>
        <UnitName Value="ReportForm"/>
      </Unit134>
      <Unit135>
        <Filename Value="reportmanager.pas"/>
        <IsPartOfProject Value="True"/>
        <UnitName Value="ReportManager"/>
      </Unit135>
      <Unit136>
        <Filename Value="reportsform.pas"/>
        <IsPartOfProject Value="True"/>
        <ComponentName Value="ReportsFm"/>
        <HasResources Value="True"/>
        <ResourceBaseClass Value="Form"/>
        <UnitName Value="ReportsForm"/>
      </Unit136>
      <Unit137>
        <Filename Value="reportwindow.pas"/>
        <IsPartOfProject Value="True"/>
        <UnitName Value="ReportWindow"/>
      </Unit137>
      <Unit138>
        <Filename Value="rpstyleform.pas"/>
        <IsPartOfProject Value="True"/>
        <ComponentName Value="RpStyleFm"/>
        <HasResources Value="True"/>
        <ResourceBaseClass Value="Form"/>
        <UnitName Value="RpStyleForm"/>
      </Unit138>
      <Unit139>
        <Filename Value="rundecls.pas"/>
        <IsPartOfProject Value="True"/>
        <UnitName Value="RunDecls"/>
      </Unit139>
      <Unit140>
        <Filename Value="saxbasereader.pas"/>
        <IsPartOfProject Value="True"/>
        <UnitName Value="SAXBaseReader"/>
      </Unit140>
      <Unit141>
        <Filename Value="scriptedit.pas"/>
        <IsPartOfProject Value="True"/>
        <UnitName Value="ScriptEdit"/>
      </Unit141>
      <Unit142>
        <Filename Value="scriptform.pas"/>
        <IsPartOfProject Value="True"/>
        <ComponentName Value="ScriptFm"/>
        <HasResources Value="True"/>
        <ResourceBaseClass Value="Form"/>
        <UnitName Value="ScriptForm"/>
      </Unit142>
      <Unit143>
        <Filename Value="scriptfuncs.pas"/>
        <IsPartOfProject Value="True"/>
        <UnitName Value="ScriptFuncs"/>
      </Unit143>
      <Unit144>
        <Filename Value="scriptmanager.pas"/>
        <IsPartOfProject Value="True"/>
        <UnitName Value="ScriptManager"/>
      </Unit144>
      <Unit145>
        <Filename Value="searchreplaceform.pas"/>
        <IsPartOfProject Value="True"/>
        <ComponentName Value="SearchReplaceFm"/>
        <HasResources Value="True"/>
        <ResourceBaseClass Value="Form"/>
        <UnitName Value="SearchReplaceForm"/>
      </Unit145>
      <Unit146>
        <Filename Value="selectactionform.pas"/>
        <IsPartOfProject Value="True"/>
        <ComponentName Value="SelectActionFm"/>
        <HasResources Value="True"/>
        <ResourceBaseClass Value="Form"/>
        <UnitName Value="SelectActionForm"/>
      </Unit146>
      <Unit147>
        <Filename Value="selectform.pas"/>
        <IsPartOfProject Value="True"/>
        <ComponentName Value="SelectFm"/>
        <HasResources Value="True"/>
        <ResourceBaseClass Value="Form"/>
        <UnitName Value="SelectForm"/>
      </Unit147>
      <Unit148>
        <Filename Value="settingsform.pas"/>
        <IsPartOfProject Value="True"/>
        <ComponentName Value="SettingsFm"/>
        <HasResources Value="True"/>
        <ResourceBaseClass Value="Form"/>
        <UnitName Value="SettingsForm"/>
      </Unit148>
      <Unit149>
        <Filename Value="setvalueform.pas"/>
        <IsPartOfProject Value="True"/>
        <ComponentName Value="SetValueFm"/>
        <HasResources Value="True"/>
        <ResourceBaseClass Value="Form"/>
        <UnitName Value="SetValueForm"/>
      </Unit149>
      <Unit150>
        <Filename Value="shapeform.pas"/>
        <IsPartOfProject Value="True"/>
        <ComponentName Value="ShapeFm"/>
        <HasResources Value="True"/>
        <ResourceBaseClass Value="Form"/>
        <UnitName Value="ShapeForm"/>
      </Unit150>
      <Unit151>
        <Filename Value="shoppingform.pas"/>
        <IsPartOfProject Value="True"/>
        <ComponentName Value="ShoppingFm"/>
        <HasResources Value="True"/>
        <ResourceBaseClass Value="Form"/>
        <UnitName Value="ShoppingForm"/>
      </Unit151>
      <Unit152>
        <Filename Value="sqlform.pas"/>
        <IsPartOfProject Value="True"/>
        <ComponentName Value="SqlFm"/>
        <HasResources Value="True"/>
        <ResourceBaseClass Value="Form"/>
        <UnitName Value="SqlForm"/>
      </Unit152>
      <Unit153>
        <Filename Value="sqlgen.pas"/>
        <IsPartOfProject Value="True"/>
        <UnitName Value="SqlGen"/>
      </Unit153>
      <Unit154>
        <Filename Value="storagetypeform.pas"/>
        <IsPartOfProject Value="True"/>
        <ComponentName Value="StorageTypeFm"/>
        <HasResources Value="True"/>
        <ResourceBaseClass Value="Form"/>
        <UnitName Value="StorageTypeForm"/>
      </Unit154>
      <Unit155>
        <Filename Value="strconsts.pas"/>
        <IsPartOfProject Value="True"/>
        <UnitName Value="StrConsts"/>
      </Unit155>
      <Unit156>
        <Filename Value="stringsform.pas"/>
        <IsPartOfProject Value="True"/>
        <ComponentName Value="StringsFm"/>
        <HasResources Value="True"/>
        <ResourceBaseClass Value="Form"/>
        <UnitName Value="StringsForm"/>
      </Unit156>
      <Unit157>
        <Filename Value="styleform.pas"/>
        <IsPartOfProject Value="True"/>
        <ComponentName Value="StyleFm"/>
        <HasResources Value="True"/>
        <ResourceBaseClass Value="Form"/>
        <UnitName Value="StyleForm"/>
      </Unit157>
      <Unit158>
        <Filename Value="summarytree.pas"/>
        <IsPartOfProject Value="True"/>
        <UnitName Value="SummaryTree"/>
      </Unit158>
      <Unit159>
        <Filename Value="taborderform.pas"/>
        <IsPartOfProject Value="True"/>
        <ComponentName Value="TabOrderFm"/>
        <HasResources Value="True"/>
        <ResourceBaseClass Value="Form"/>
        <UnitName Value="TabOrderForm"/>
      </Unit159>
      <Unit160>
        <Filename Value="templatefieldsform.pas"/>
        <IsPartOfProject Value="True"/>
        <ComponentName Value="TemplateFieldsFm"/>
        <HasResources Value="True"/>
        <ResourceBaseClass Value="Form"/>
        <UnitName Value="TemplateFieldsForm"/>
      </Unit160>
      <Unit161>
        <Filename Value="thumbform.pas"/>
        <IsPartOfProject Value="True"/>
        <ComponentName Value="ThumbFm"/>
        <HasResources Value="True"/>
        <ResourceBaseClass Value="Form"/>
        <UnitName Value="ThumbForm"/>
      </Unit161>
      <Unit162>
        <Filename Value="timeedit.pas"/>
        <IsPartOfProject Value="True"/>
        <UnitName Value="TimeEdit"/>
      </Unit162>
      <Unit163>
        <Filename Value="totalform.pas"/>
        <IsPartOfProject Value="True"/>
        <ComponentName Value="TotalFm"/>
        <HasResources Value="True"/>
        <ResourceBaseClass Value="Form"/>
        <UnitName Value="TotalForm"/>
      </Unit163>
      <Unit164>
        <Filename Value="totalsform.pas"/>
        <IsPartOfProject Value="True"/>
        <ComponentName Value="TotalsFm"/>
        <HasResources Value="True"/>
        <ResourceBaseClass Value="Form"/>
        <UnitName Value="TotalsForm"/>
      </Unit164>
      <Unit165>
        <Filename Value="towordsfuncs.pas"/>
        <IsPartOfProject Value="True"/>
        <UnitName Value="ToWordsFuncs"/>
      </Unit165>
      <Unit166>
        <Filename Value="treeform.pas"/>
        <IsPartOfProject Value="True"/>
        <ComponentName Value="TreeFm"/>
        <HasResources Value="True"/>
        <ResourceBaseClass Value="Form"/>
        <UnitName Value="TreeForm"/>
      </Unit166>
      <Unit167>
        <Filename Value="treeviewex.pas"/>
        <IsPartOfProject Value="True"/>
        <UnitName Value="TreeViewEx"/>
      </Unit167>
      <Unit168>
        <Filename Value="upsc_mybuttons.pas"/>
        <IsPartOfProject Value="True"/>
        <UnitName Value="uPSC_MyButtons"/>
      </Unit168>
      <Unit169>
        <Filename Value="upsc_myclasses.pas"/>
        <IsPartOfProject Value="True"/>
        <UnitName Value="uPSC_MyClasses"/>
      </Unit169>
      <Unit170>
        <Filename Value="upsc_mycontrols.pas"/>
        <IsPartOfProject Value="True"/>
        <UnitName Value="uPSC_MyControls"/>
      </Unit170>
      <Unit171>
        <Filename Value="upsc_mydateutils.pas"/>
        <IsPartOfProject Value="True"/>
        <UnitName Value="uPSC_mydateutils"/>
      </Unit171>
      <Unit172>
        <Filename Value="upsc_myextctrls.pas"/>
        <IsPartOfProject Value="True"/>
        <UnitName Value="uPSC_MyExtctrls"/>
      </Unit172>
      <Unit173>
        <Filename Value="upsc_myforms.pas"/>
        <IsPartOfProject Value="True"/>
        <UnitName Value="uPSC_MyForms"/>
      </Unit173>
      <Unit174>
        <Filename Value="upsc_mygraphics.pas"/>
        <IsPartOfProject Value="True"/>
        <UnitName Value="uPSC_MyGraphics"/>
      </Unit174>
      <Unit175>
        <Filename Value="upsc_mymenus.pas"/>
        <IsPartOfProject Value="True"/>
        <UnitName Value="uPSC_MyMenus"/>
      </Unit175>
      <Unit176>
        <Filename Value="upsc_mystd.pas"/>
        <IsPartOfProject Value="True"/>
        <UnitName Value="uPSC_MyStd"/>
      </Unit176>
      <Unit177>
        <Filename Value="upsc_mystdctrls.pas"/>
        <IsPartOfProject Value="True"/>
        <UnitName Value="uPSC_MyStdCtrls"/>
      </Unit177>
      <Unit178>
        <Filename Value="upsr_mybuttons.pas"/>
        <IsPartOfProject Value="True"/>
        <UnitName Value="uPSR_MyButtons"/>
      </Unit178>
      <Unit179>
        <Filename Value="upsr_myclasses.pas"/>
        <IsPartOfProject Value="True"/>
        <UnitName Value="uPSR_MyClasses"/>
      </Unit179>
      <Unit180>
        <Filename Value="upsr_mycontrols.pas"/>
        <IsPartOfProject Value="True"/>
        <UnitName Value="uPSR_MyControls"/>
      </Unit180>
      <Unit181>
        <Filename Value="upsr_mydateutils.pas"/>
        <IsPartOfProject Value="True"/>
        <UnitName Value="uPSR_mydateutils"/>
      </Unit181>
      <Unit182>
        <Filename Value="upsr_myextctrls.pas"/>
        <IsPartOfProject Value="True"/>
        <UnitName Value="uPSR_MyExtctrls"/>
      </Unit182>
      <Unit183>
        <Filename Value="upsr_myforms.pas"/>
        <IsPartOfProject Value="True"/>
        <UnitName Value="uPSR_MyForms"/>
      </Unit183>
      <Unit184>
        <Filename Value="upsr_mygraphics.pas"/>
        <IsPartOfProject Value="True"/>
        <UnitName Value="uPSR_MyGraphics"/>
      </Unit184>
      <Unit185>
        <Filename Value="upsr_mymenus.pas"/>
        <IsPartOfProject Value="True"/>
        <UnitName Value="uPSR_MyMenus"/>
      </Unit185>
      <Unit186>
        <Filename Value="upsr_mystd.pas"/>
        <IsPartOfProject Value="True"/>
        <UnitName Value="uPSR_MyStd"/>
      </Unit186>
      <Unit187>
        <Filename Value="upsr_mystdctrls.pas"/>
        <IsPartOfProject Value="True"/>
        <UnitName Value="uPSR_MyStdCtrls"/>
      </Unit187>
      <Unit188>
        <Filename Value="userform.pas"/>
        <IsPartOfProject Value="True"/>
        <ComponentName Value="UserFm"/>
        <HasResources Value="True"/>
        <ResourceBaseClass Value="Form"/>
        <UnitName Value="UserForm"/>
      </Unit188>
      <Unit189>
        <Filename Value="usersform.pas"/>
        <IsPartOfProject Value="True"/>
        <ComponentName Value="UsersFm"/>
        <HasResources Value="True"/>
        <ResourceBaseClass Value="Form"/>
        <UnitName Value="UsersForm"/>
      </Unit189>
      <Unit190>
        <Filename Value="visibleformsform.pas"/>
        <IsPartOfProject Value="True"/>
        <ComponentName Value="VisibleFormsFm"/>
        <HasResources Value="True"/>
        <ResourceBaseClass Value="Form"/>
        <UnitName Value="VisibleFormsForm"/>
      </Unit190>
      <Unit191>
        <Filename Value="warningform.pas"/>
        <IsPartOfProject Value="True"/>
        <ComponentName Value="WarnFm"/>
        <HasResources Value="True"/>
        <ResourceBaseClass Value="Form"/>
        <UnitName Value="WarningForm"/>
      </Unit191>
      <Unit192>
        <Filename Value="webserver.pas"/>
        <IsPartOfProject Value="True"/>
        <UnitName Value="WebServer"/>
      </Unit192>
      <Unit193>
        <Filename Value="xmlreport.pas"/>
        <IsPartOfProject Value="True"/>
        <UnitName Value="XmlReport"/>
      </Unit193>
      <Unit194>
        <Filename Value="modulestree.pas"/>
        <IsPartOfProject Value="True"/>
        <UnitName Value="ModulesTree"/>
      </Unit194>
      <Unit195>
        <Filename Value="treepanel.pas"/>
        <IsPartOfProject Value="True"/>
        <UnitName Value="TreePanel"/>
      </Unit195>
      <Unit196>
        <Filename Value="updatemanform.pas"/>
        <IsPartOfProject Value="True"/>
        <ComponentName Value="UpdateManFm"/>
        <HasResources Value="True"/>
        <ResourceBaseClass Value="Form"/>
        <UnitName Value="UpdateManForm"/>
      </Unit196>
      <Unit197>
        <Filename Value="msgform.pas"/>
        <IsPartOfProject Value="True"/>
        <ComponentName Value="MsgFm"/>
        <HasResources Value="True"/>
        <ResourceBaseClass Value="Form"/>
        <UnitName Value="MsgForm"/>
      </Unit197>
      <Unit198>
        <Filename Value="updateoptionsform.pas"/>
        <IsPartOfProject Value="True"/>
        <ComponentName Value="UpdateOptionsFm"/>
        <HasResources Value="True"/>
        <ResourceBaseClass Value="Form"/>
        <UnitName Value="UpdateOptionsForm"/>
      </Unit198>
      <Unit199>
        <Filename Value="updatemanager.pas"/>
        <IsPartOfProject Value="True"/>
        <UnitName Value="UpdateManager"/>
      </Unit199>
      <Unit200>
        <Filename Value="myzipper.pas"/>
        <IsPartOfProject Value="True"/>
        <UnitName Value="MyZipper"/>
      </Unit200>
      <Unit201>
        <Filename Value="mylogger.pas"/>
        <IsPartOfProject Value="True"/>
        <UnitName Value="MyLogger"/>
      </Unit201>
      <Unit202>
        <Filename Value="lcbxlistsourcemoreform.pas"/>
        <IsPartOfProject Value="True"/>
        <ComponentName Value="LCbxListSourceMoreFm"/>
        <HasResources Value="True"/>
        <ResourceBaseClass Value="Form"/>
        <UnitName Value="LCbxListSourceMoreForm"/>
      </Unit202>
      <Unit203>
        <Filename Value="embedimagesform.pas"/>
        <IsPartOfProject Value="True"/>
        <ComponentName Value="EmbedImagesFm"/>
        <HasResources Value="True"/>
        <ResourceBaseClass Value="Form"/>
        <UnitName Value="EmbedImagesForm"/>
      </Unit203>
      <Unit204>
        <Filename Value="structtree.pas"/>
        <IsPartOfProject Value="True"/>
        <UnitName Value="StructTree"/>
      </Unit204>
    </Units>
  </ProjectOptions>
  <CompilerOptions>
    <Version Value="11"/>
    <PathDelim Value="\"/>
    <Target>
      <Filename Value="_test\dataexpress"/>
    </Target>
    <SearchPaths>
      <IncludeFiles Value="$(ProjOutDir)"/>
      <UnitOutputDirectory Value="lib\$(TargetCPU)-$(TargetOS)"/>
    </SearchPaths>
    <CodeGeneration>
      <TargetCPU Value="i386"/>
      <TargetOS Value="win32"/>
    </CodeGeneration>
    <Linking>
      <Debugging>
        <DebugInfoType Value="dsDwarf2"/>
        <UseExternalDbgSyms Value="True"/>
      </Debugging>
      <Options>
        <Win32>
          <GraphicApplication Value="True"/>
        </Win32>
      </Options>
    </Linking>
    <Other>
      <ExecuteAfter>
        <Command Value="copy.bat"/>
      </ExecuteAfter>
    </Other>
  </CompilerOptions>
</CONFIG>
